
Microsoft Visual Studio Solution File, Format Version 12.00
# Visual Studio 15
VisualStudioVersion = 15.0.28307.757
MinimumVisualStudioVersion = 10.0.40219.1
Project("{FAE04EC0-301F-11D3-BF4B-00C04F79EFBC}") = "MVC", "MVC\MVC.csproj", "{08A7EC58-20CF-4720-AE46-8C17D7EA385C}"
EndProject
Global
	GlobalSection(SolutionConfigurationPlatforms) = preSolution
		Debug|Any CPU = Debug|Any CPU
		Release|Any CPU = Release|Any CPU
	EndGlobalSection
	GlobalSection(ProjectConfigurationPlatforms) = postSolution
		{08A7EC58-20CF-4720-AE46-8C17D7EA385C}.Debug|Any CPU.ActiveCfg = Debug|Any CPU
		{08A7EC58-20CF-4720-AE46-8C17D7EA385C}.Debug|Any CPU.Build.0 = Debug|Any CPU
		{08A7EC58-20CF-4720-AE46-8C17D7EA385C}.Release|Any CPU.ActiveCfg = Release|Any CPU
		{08A7EC58-20CF-4720-AE46-8C17D7EA385C}.Release|Any CPU.Build.0 = Release|Any CPU
	EndGlobalSection
	GlobalSection(SolutionProperties) = preSolution
		HideSolutionNode = FALSE
	EndGlobalSection
	GlobalSection(ExtensibilityGlobals) = postSolution
		SolutionGuid = {3A5D7613-7284-434C-9730-70E41B0BF8D6}
	EndGlobalSection
EndGlobal
